// !$*UTF8*$!
{
	archiveVersion = 1;
	classes = {
	};
	objectVersion = 77;
	objects = {

/* Begin PBXBuildFile section */
		20FB7346CB2EE3764F3EAA17 /* YouTubeiOSPlayerHelper in Frameworks */ = {isa = PBXBuildFile; productRef = 2A2CC7615E6ED127A06BEBF6 /* YouTubeiOSPlayerHelper */; };
		7462967BBCA629D51AA24522 /* genius_data.json in Resources */ = {isa = PBXBuildFile; fileRef = C3A15BC448FCA1A89EC609D3 /* genius_data.json */; };
		C9029B202FB3FA00006205FF /* FirebaseAnalyticsCore in Frameworks */ = {isa = PBXBuildFile; productRef = C9029B1F2FB3FA00006205FF /* FirebaseAnalyticsCore */; };
		C9029B222FB3FA00006205FF /* FirebaseCrashlytics in Frameworks */ = {isa = PBXBuildFile; productRef = C9029B212FB3FA00006205FF /* FirebaseCrashlytics */; };
/* End PBXBuildFile section */

/* Begin PBXContainerItemProxy section */
		C90299AA2FB10FE7006205FF /* PBXContainerItemProxy */ = {
			isa = PBXContainerItemProxy;
			containerPortal = C90299942FB10FE3006205FF /* Project object */;
			proxyType = 1;
			remoteGlobalIDString = C902999B2FB10FE3006205FF;
			remoteInfo = moviegenius;
		};
		C90299B42FB10FE7006205FF /* PBXContainerItemProxy */ = {
			isa = PBXContainerItemProxy;
			containerPortal = C90299942FB10FE3006205FF /* Project object */;
			proxyType = 1;
			remoteGlobalIDString = C902999B2FB10FE3006205FF;
			remoteInfo = moviegenius;
		};
/* End PBXContainerItemProxy section */

/* Begin PBXFileReference section */
		C3A15BC448FCA1A89EC609D3 /* genius_data.json */ = {isa = PBXFileReference; includeInIndex = 1; name = genius_data.json; path = moviegenius/Resources/genius_data.json; sourceTree = "<group>"; };
		C902999C2FB10FE3006205FF /* moviegenius.app */ = {isa = PBXFileReference; explicitFileType = wrapper.application; includeInIndex = 0; path = moviegenius.app; sourceTree = BUILT_PRODUCTS_DIR; };
		C90299A92FB10FE7006205FF /* moviegeniusTests.xctest */ = {isa = PBXFileReference; explicitFileType = wrapper.cfbundle; includeInIndex = 0; path = moviegeniusTests.xctest; sourceTree = BUILT_PRODUCTS_DIR; };
		C90299B32FB10FE7006205FF /* moviegeniusUITests.xctest */ = {isa = PBXFileReference; explicitFileType = wrapper.cfbundle; includeInIndex = 0; path = moviegeniusUITests.xctest; sourceTree = BUILT_PRODUCTS_DIR; };
/* End PBXFileReference section */

/* Begin PBXFileSystemSynchronizedRootGroup section */
		C902999E2FB10FE3006205FF /* moviegenius */ = {
			isa = PBXFileSystemSynchronizedRootGroup;
			exceptions = (
			);
			path = moviegenius;
			sourceTree = "<group>";
		};
		C90299AC2FB10FE7006205FF /* moviegeniusTests */ = {
			isa = PBXFileSystemSynchronizedRootGroup;
			exceptions = (
			);
			path = moviegeniusTests;
			sourceTree = "<group>";
		};
		C90299B62FB10FE7006205FF /* moviegeniusUITests */ = {
			isa = PBXFileSystemSynchronizedRootGroup;
			exceptions = (
			);
			path = moviegeniusUITests;
			sourceTree = "<group>";
		};
/* End PBXFileSystemSynchronizedRootGroup section */

/* Begin PBXFrameworksBuildPhase section */
		C90299992FB10FE3006205FF /* Frameworks */ = {
			isa = PBXFrameworksBuildPhase;
			buildActionMask = 2147483647;
			files = (
				C9029B202FB3FA00006205FF /* FirebaseAnalyticsCore in Frameworks */,
				C9029B222FB3FA00006205FF /* FirebaseCrashlytics in Frameworks */,
				20FB7346CB2EE3764F3EAA17 /* YouTubeiOSPlayerHelper in Frameworks */,
			);
			runOnlyForDeploymentPostprocessing = 0;
		};
		C90299A62FB10FE7006205FF /* Frameworks */ = {
			isa = PBXFrameworksBuildPhase;
			buildActionMask = 2147483647;
			files = (
			);
			runOnlyForDeploymentPostprocessing = 0;
		};
		C90299B02FB10FE7006205FF /* Frameworks */ = {
			isa = PBXFrameworksBuildPhase;
			buildActionMask = 2147483647;
			files = (
			);
			runOnlyForDeploymentPostprocessing = 0;
		};
/* End PBXFrameworksBuildPhase section */

/* Begin PBXGroup section */
		C90299932FB10FE3006205FF = {
			isa = PBXGroup;
			children = (
				C902999E2FB10FE3006205FF /* moviegenius */,
				C90299AC2FB10FE7006205FF /* moviegeniusTests */,
				C90299B62FB10FE7006205FF /* moviegeniusUITests */,
				C902999D2FB10FE3006205FF /* Products */,
				C3A15BC448FCA1A89EC609D3 /* genius_data.json */,
			);
			sourceTree = "<group>";
		};
		C902999D2FB10FE3006205FF /* Products */ = {
			isa = PBXGroup;
			children = (
				C902999C2FB10FE3006205FF /* moviegenius.app */,
				C90299A92FB10FE7006205FF /* moviegeniusTests.xctest */,
				C90299B32FB10FE7006205FF /* moviegeniusUITests.xctest */,
			);
			name = Products;
			sourceTree = "<group>";
		};
/* End PBXGroup section */

/* Begin PBXNativeTarget section */
		C902999B2FB10FE3006205FF /* moviegenius */ = {
			isa = PBXNativeTarget;
			buildConfigurationList = C90299BD2FB10FE7006205FF /* Build configuration list for PBXNativeTarget "moviegenius" */;
			buildPhases = (
				C90299982FB10FE3006205FF /* Sources */,
				C90299992FB10FE3006205FF /* Frameworks */,
				C902999A2FB10FE3006205FF /* Resources */,
			);
			buildRules = (
			);
			dependencies = (
			);
			fileSystemSynchronizedGroups = (
				C902999E2FB10FE3006205FF /* moviegenius */,
			);
			name = moviegenius;
			packageProductDependencies = (
				C9029B1F2FB3FA00006205FF /* FirebaseAnalyticsCore */,
				C9029B212FB3FA00006205FF /* FirebaseCrashlytics */,
				2A2CC7615E6ED127A06BEBF6 /* YouTubeiOSPlayerHelper */,
			);
			productName = moviegenius;
			productReference = C902999C2FB10FE3006205FF /* moviegenius.app */;
			productType = "com.apple.product-type.application";
		};
		C90299A82FB10FE7006205FF /* moviegeniusTests */ = {
			isa = PBXNativeTarget;
			buildConfigurationList = C90299C02FB10FE7006205FF /* Build configuration list for PBXNativeTarget "moviegeniusTests" */;
			buildPhases = (
				C90299A52FB10FE7006205FF /* Sources */,
				C90299A62FB10FE7006205FF /* Frameworks */,
				C90299A72FB10FE7006205FF /* Resources */,
			);
			buildRules = (
			);
			dependencies = (
				C90299AB2FB10FE7006205FF /* PBXTargetDependency */,
			);
			fileSystemSynchronizedGroups = (
				C90299AC2FB10FE7006205FF /* moviegeniusTests */,
			);
			name = moviegeniusTests;
			productName = moviegeniusTests;
			productReference = C90299A92FB10FE7006205FF /* moviegeniusTests.xctest */;
			productType = "com.apple.product-type.bundle.unit-test";
		};
		C90299B22FB10FE7006205FF /* moviegeniusUITests */ = {
			isa = PBXNativeTarget;
			buildConfigurationList = C90299C32FB10FE7006205FF /* Build configuration list for PBXNativeTarget "moviegeniusUITests" */;
			buildPhases = (
				C90299AF2FB10FE7006205FF /* Sources */,
				C90299B02FB10FE7006205FF /* Frameworks */,
				C90299B12FB10FE7006205FF /* Resources */,
			);
			buildRules = (
			);
			dependencies = (
				C90299B52FB10FE7006205FF /* PBXTargetDependency */,
			);
			fileSystemSynchronizedGroups = (
				C90299B62FB10FE7006205FF /* moviegeniusUITests */,
			);
			name = moviegeniusUITests;
			productName = moviegeniusUITests;
			productReference = C90299B32FB10FE7006205FF /* moviegeniusUITests.xctest */;
			productType = "com.apple.product-type.bundle.ui-testing";
		};
/* End PBXNativeTarget section */

/* Begin PBXProject section */
		C90299942FB10FE3006205FF /* Project object */ = {
			isa = PBXProject;
			attributes = {
				BuildIndependentTargetsInParallel = 1;
				LastSwiftUpdateCheck = 2640;
				LastUpgradeCheck = 2640;
				TargetAttributes = {
					C902999B2FB10FE3006205FF = {
						CreatedOnToolsVersion = 26.4.1;
					};
					C90299A82FB10FE7006205FF = {
						CreatedOnToolsVersion = 26.4.1;
						TestTargetID = C902999B2FB10FE3006205FF;
					};
					C90299B22FB10FE7006205FF = {
						CreatedOnToolsVersion = 26.4.1;
						TestTargetID = C902999B2FB10FE3006205FF;
					};
				};
			};
			buildConfigurationList = C90299972FB10FE3006205FF /* Build configuration list for PBXProject "moviegenius" */;
			developmentRegion = en;
			hasScannedForEncodings = 0;
			knownRegions = (
				en,
				Base,
			);
			mainGroup = C90299932FB10FE3006205FF;
			minimizedProjectReferenceProxies = 1;
			packageReferences = (
				C9029B1E2FB3F9FF006205FF /* XCRemoteSwiftPackageReference "firebase-ios-sdk" */,
				58663393AFE75A41458917BE /* XCRemoteSwiftPackageReference "youtube-ios-player-helper" */,
			);
			preferredProjectObjectVersion = 77;
			productRefGroup = C902999D2FB10FE3006205FF /* Products */;
			projectDirPath = "";
			projectRoot = "";
			targets = (
				C902999B2FB10FE3006205FF /* moviegenius */,
				C90299A82FB10FE7006205FF /* moviegeniusTests */,
				C90299B22FB10FE7006205FF /* moviegeniusUITests */,
			);
		};
/* End PBXProject section */

/* Begin PBXResourcesBuildPhase section */
		C902999A2FB10FE3006205FF /* Resources */ = {
			isa = PBXResourcesBuildPhase;
			buildActionMask = 2147483647;
			files = (
				7462967BBCA629D51AA24522 /* genius_data.json in Resources */,
			);
			runOnlyForDeploymentPostprocessing = 0;
		};
		C90299A72FB10FE7006205FF /* Resources */ = {
			isa = PBXResourcesBuildPhase;
			buildActionMask = 2147483647;
			files = (
			);
			runOnlyForDeploymentPostprocessing = 0;
		};
		C90299B12FB10FE7006205FF /* Resources */ = {
			isa = PBXResourcesBuildPhase;
			buildActionMask = 2147483647;
			files = (
			);
			runOnlyForDeploymentPostprocessing = 0;
		};
/* End PBXResourcesBuildPhase section */

/* Begin PBXSourcesBuildPhase section */
		C90299982FB10FE3006205FF /* Sources */ = {
			isa = PBXSourcesBuildPhase;
			buildActionMask = 2147483647;
			files = (
			);
			runOnlyForDeploymentPostprocessing = 0;
		};
		C90299A52FB10FE7006205FF /* Sources */ = {
			isa = PBXSourcesBuildPhase;
			buildActionMask = 2147483647;
			files = (
			);
			runOnlyForDeploymentPostprocessing = 0;
		};
		C90299AF2FB10FE7006205FF /* Sources */ = {
			isa = PBXSourcesBuildPhase;
			buildActionMask = 2147483647;
			files = (
			);
			runOnlyForDeploymentPostprocessing = 0;
		};
/* End PBXSourcesBuildPhase section */

/* Begin PBXTargetDependency section */
		C90299AB2FB10FE7006205FF /* PBXTargetDependency */ = {
			isa = PBXTargetDependency;
			target = C902999B2FB10FE3006205FF /* moviegenius */;
			targetProxy = C90299AA2FB10FE7006205FF /* PBXContainerItemProxy */;
		};
		C90299B52FB10FE7006205FF /* PBXTargetDependency */ = {
			isa = PBXTargetDependency;
			target = C902999B2FB10FE3006205FF /* moviegenius */;
			targetProxy = C90299B42FB10FE7006205FF /* PBXContainerItemProxy */;
		};
/* End PBXTargetDependency section */

/* Begin XCBuildConfiguration section */
		C90299BB2FB10FE7006205FF /* Debug */ = {
			isa = XCBuildConfiguration;
			buildSettings = {
				ALWAYS_SEARCH_USER_PATHS = NO;
				ASSETCATALOG_COMPILER_GENERATE_SWIFT_ASSET_SYMBOL_EXTENSIONS = YES;
				CLANG_ANALYZER_NONNULL = YES;
				CLANG_ANALYZER_NUMBER_OBJECT_CONVERSION = YES_AGGRESSIVE;
				CLANG_CXX_LANGUAGE_STANDARD = "gnu++20";
				CLANG_ENABLE_MODULES = YES;
				CLANG_ENABLE_OBJC_ARC = YES;
				CLANG_ENABLE_OBJC_WEAK = YES;
				CLANG_WARN_BLOCK_CAPTURE_AUTORELEASING = YES;
				CLANG_WARN_BOOL_CONVERSION = YES;
				CLANG_WARN_COMMA = YES;
				CLANG_WARN_CONSTANT_CONVERSION = YES;
				CLANG_WARN_DEPRECATED_OBJC_IMPLEMENTATIONS = YES;
				CLANG_WARN_DIRECT_OBJC_ISA_USAGE = YES_ERROR;
				CLANG_WARN_DOCUMENTATION_COMMENTS = YES;
				CLANG_WARN_EMPTY_BODY = YES;
				CLANG_WARN_ENUM_CONVERSION = YES;
				CLANG_WARN_INFINITE_RECURSION = YES;
				CLANG_WARN_INT_CONVERSION = YES;
				CLANG_WARN_NON_LITERAL_NULL_CONVERSION = YES;
				CLANG_WARN_OBJC_IMPLICIT_RETAIN_SELF = YES;
				CLANG_WARN_OBJC_LITERAL_CONVERSION = YES;
				CLANG_WARN_OBJC_ROOT_CLASS = YES_ERROR;
				CLANG_WARN_QUOTED_INCLUDE_IN_FRAMEWORK_HEADER = YES;
				CLANG_WARN_RANGE_LOOP_ANALYSIS = YES;
				CLANG_WARN_STRICT_PROTOTYPES = YES;
				CLANG_WARN_SUSPICIOUS_MOVE = YES;
				CLANG_WARN_UNGUARDED_AVAILABILITY = YES_AGGRESSIVE;
				CLANG_WARN_UNREACHABLE_CODE = YES;
				CLANG_WARN__DUPLICATE_METHOD_MATCH = YES;
				COPY_PHASE_STRIP = NO;
				DEBUG_INFORMATION_FORMAT = dwarf;
				DEVELOPMENT_TEAM = C8V9S6KGGG;
				ENABLE_STRICT_OBJC_MSGSEND = YES;
				ENABLE_TESTABILITY = YES;
				ENABLE_USER_SCRIPT_SANDBOXING = YES;
				GCC_C_LANGUAGE_STANDARD = gnu17;
				GCC_DYNAMIC_NO_PIC = NO;
				GCC_NO_COMMON_BLOCKS = YES;
				GCC_OPTIMIZATION_LEVEL = 0;
				GCC_PREPROCESSOR_DEFINITIONS = (
					"DEBUG=1",
					"$(inherited)",
				);
				GCC_WARN_64_TO_32_BIT_CONVERSION = YES;
				GCC_WARN_ABOUT_RETURN_TYPE = YES_ERROR;
				GCC_WARN_UNDECLARED_SELECTOR = YES;
				GCC_WARN_UNINITIALIZED_AUTOS = YES_AGGRESSIVE;
				GCC_WARN_UNUSED_FUNCTION = YES;
				GCC_WARN_UNUSED_VARIABLE = YES;
				IPHONEOS_DEPLOYMENT_TARGET = 17.0;
				LOCALIZATION_PREFERS_STRING_CATALOGS = YES;
				MTL_ENABLE_DEBUG_INFO = INCLUDE_SOURCE;
				MTL_FAST_MATH = YES;
				ONLY_ACTIVE_ARCH = YES;
				SDKROOT = iphoneos;
				SWIFT_ACTIVE_COMPILATION_CONDITIONS = "DEBUG $(inherited)";
				SWIFT_OPTIMIZATION_LEVEL = "-Onone";
			};
			name = Debug;
		};
		C90299BC2FB10FE7006205FF /* Release */ = {
			isa = XCBuildConfiguration;
			buildSettings = {
				ALWAYS_SEARCH_USER_PATHS = NO;
				ASSETCATALOG_COMPILER_GENERATE_SWIFT_ASSET_SYMBOL_EXTENSIONS = YES;
				CLANG_ANALYZER_NONNULL = YES;
				CLANG_ANALYZER_NUMBER_OBJECT_CONVERSION = YES_AGGRESSIVE;
				CLANG_CXX_LANGUAGE_STANDARD = "gnu++20";
				CLANG_ENABLE_MODULES = YES;
				CLANG_ENABLE_OBJC_ARC = YES;
				CLANG_ENABLE_OBJC_WEAK = YES;
				CLANG_WARN_BLOCK_CAPTURE_AUTORELEASING = YES;
				CLANG_WARN_BOOL_CONVERSION = YES;
				CLANG_WARN_COMMA = YES;
				CLANG_WARN_CONSTANT_CONVERSION = YES;
				CLANG_WARN_DEPRECATED_OBJC_IMPLEMENTATIONS = YES;
				CLANG_WARN_DIRECT_OBJC_ISA_USAGE = YES_ERROR;
				CLANG_WARN_DOCUMENTATION_COMMENTS = YES;
				CLANG_WARN_EMPTY_BODY = YES;
				CLANG_WARN_ENUM_CONVERSION = YES;
				CLANG_WARN_INFINITE_RECURSION = YES;
				CLANG_WARN_INT_CONVERSION = YES;
				CLANG_WARN_NON_LITERAL_NULL_CONVERSION = YES;
				CLANG_WARN_OBJC_IMPLICIT_RETAIN_SELF = YES;
				CLANG_WARN_OBJC_LITERAL_CONVERSION = YES;
				CLANG_WARN_OBJC_ROOT_CLASS = YES_ERROR;
				CLANG_WARN_QUOTED_INCLUDE_IN_FRAMEWORK_HEADER = YES;
				CLANG_WARN_RANGE_LOOP_ANALYSIS = YES;
				CLANG_WARN_STRICT_PROTOTYPES = YES;
				CLANG_WARN_SUSPICIOUS_MOVE = YES;
				CLANG_WARN_UNGUARDED_AVAILABILITY = YES_AGGRESSIVE;
				CLANG_WARN_UNREACHABLE_CODE = YES;
				CLANG_WARN__DUPLICATE_METHOD_MATCH = YES;
				COPY_PHASE_STRIP = NO;
				DEBUG_INFORMATION_FORMAT = "dwarf-with-dsym";
				DEVELOPMENT_TEAM = C8V9S6KGGG;
				ENABLE_NS_ASSERTIONS = NO;
				ENABLE_STRICT_OBJC_MSGSEND = YES;
				ENABLE_USER_SCRIPT_SANDBOXING = YES;
				GCC_C_LANGUAGE_STANDARD = gnu17;
				GCC_NO_COMMON_BLOCKS = YES;
				GCC_WARN_64_TO_32_BIT_CONVERSION = YES;
				GCC_WARN_ABOUT_RETURN_TYPE = YES_ERROR;
				GCC_WARN_UNDECLARED_SELECTOR = YES;
				GCC_WARN_UNINITIALIZED_AUTOS = YES_AGGRESSIVE;
				GCC_WARN_UNUSED_FUNCTION = YES;
				GCC_WARN_UNUSED_VARIABLE = YES;
				IPHONEOS_DEPLOYMENT_TARGET = 17.0;
				LOCALIZATION_PREFERS_STRING_CATALOGS = YES;
				MTL_ENABLE_DEBUG_INFO = NO;
				MTL_FAST_MATH = YES;
				SDKROOT = iphoneos;
				SWIFT_COMPILATION_MODE = wholemodule;
				VALIDATE_PRODUCT = YES;
			};
			name = Release;
		};
		C90299BE2FB10FE7006205FF /* Debug */ = {
			isa = XCBuildConfiguration;
			buildSettings = {
				ASSETCATALOG_COMPILER_APPICON_NAME = AppIcon;
				ASSETCATALOG_COMPILER_GLOBAL_ACCENT_COLOR_NAME = AccentColor;
				CODE_SIGN_ENTITLEMENTS = moviegenius/moviegenius.entitlements;
				CODE_SIGN_STYLE = Automatic;
				CURRENT_PROJECT_VERSION = 11;
				DEVELOPMENT_TEAM = C8V9S6KGGG;
				ENABLE_PREVIEWS = YES;
				INFOPLIST_FILE = Info.plist;
				INFOPLIST_KEY_LSApplicationQueriesSchemes = "youtube vnd.youtube";
				INFOPLIST_KEY_UIApplicationSceneManifest_Generation = YES;
				INFOPLIST_KEY_UIApplicationSupportsIndirectInputEvents = YES;
				INFOPLIST_KEY_UILaunchScreen_Generation = YES;
				INFOPLIST_KEY_UISupportedInterfaceOrientations_iPad = "UIInterfaceOrientationPortrait UIInterfaceOrientationPortraitUpsideDown UIInterfaceOrientationLandscapeLeft UIInterfaceOrientationLandscapeRight";
				INFOPLIST_KEY_UISupportedInterfaceOrientations_iPhone = "UIInterfaceOrientationPortrait UIInterfaceOrientationLandscapeLeft UIInterfaceOrientationLandscapeRight";
				IPHONEOS_DEPLOYMENT_TARGET = 17.6;
				LD_RUNPATH_SEARCH_PATHS = (
					"$(inherited)",
					"@executable_path/Frameworks",
				);
				MARKETING_VERSION = 1.0;
				PRODUCT_BUNDLE_IDENTIFIER = moviegenius.moviegenius;
				PRODUCT_NAME = "$(TARGET_NAME)";
				STRING_CATALOG_GENERATE_SYMBOLS = YES;
				SWIFT_APPROACHABLE_CONCURRENCY = YES;
				SWIFT_DEFAULT_ACTOR_ISOLATION = MainActor;
				SWIFT_EMIT_LOC_STRINGS = YES;
				SWIFT_UPCOMING_FEATURE_MEMBER_IMPORT_VISIBILITY = YES;
				SWIFT_VERSION = 5.0;
				TARGETED_DEVICE_FAMILY = 1;
			};
			name = Debug;
		};
		C90299BF2FB10FE7006205FF /* Release */ = {
			isa = XCBuildConfiguration;
			buildSettings = {
				ASSETCATALOG_COMPILER_APPICON_NAME = AppIcon;
				ASSETCATALOG_COMPILER_GLOBAL_ACCENT_COLOR_NAME = AccentColor;
				CODE_SIGN_ENTITLEMENTS = moviegenius/moviegenius.entitlements;
				CODE_SIGN_STYLE = Automatic;
				CURRENT_PROJECT_VERSION = 11;
				DEVELOPMENT_TEAM = C8V9S6KGGG;
				ENABLE_PREVIEWS = YES;
				INFOPLIST_FILE = Info.plist;
				INFOPLIST_KEY_LSApplicationQueriesSchemes = "youtube vnd.youtube";
				INFOPLIST_KEY_UIApplicationSceneManifest_Generation = YES;
				INFOPLIST_KEY_UIApplicationSupportsIndirectInputEvents = YES;
				INFOPLIST_KEY_UILaunchScreen_Generation = YES;
				INFOPLIST_KEY_UISupportedInterfaceOrientations_iPad = "UIInterfaceOrientationPortrait UIInterfaceOrientationPortraitUpsideDown UIInterfaceOrientationLandscapeLeft UIInterfaceOrientationLandscapeRight";
				INFOPLIST_KEY_UISupportedInterfaceOrientations_iPhone = "UIInterfaceOrientationPortrait UIInterfaceOrientationLandscapeLeft UIInterfaceOrientationLandscapeRight";
				IPHONEOS_DEPLOYMENT_TARGET = 17.6;
				LD_RUNPATH_SEARCH_PATHS = (
					"$(inherited)",
					"@executable_path/Frameworks",
				);
				MARKETING_VERSION = 1.0;
				PRODUCT_BUNDLE_IDENTIFIER = moviegenius.moviegenius;
				PRODUCT_NAME = "$(TARGET_NAME)";
				STRING_CATALOG_GENERATE_SYMBOLS = YES;
				SWIFT_APPROACHABLE_CONCURRENCY = YES;
				SWIFT_DEFAULT_ACTOR_ISOLATION = MainActor;
				SWIFT_EMIT_LOC_STRINGS = YES;
				SWIFT_UPCOMING_FEATURE_MEMBER_IMPORT_VISIBILITY = YES;
				SWIFT_VERSION = 5.0;
				TARGETED_DEVICE_FAMILY = 1;
			};
			name = Release;
		};
		C90299C12FB10FE7006205FF /* Debug */ = {
			isa = XCBuildConfiguration;
			buildSettings = {
				BUNDLE_LOADER = "$(TEST_HOST)";
				CODE_SIGN_STYLE = Automatic;
				CURRENT_PROJECT_VERSION = 11;
				DEVELOPMENT_TEAM = C8V9S6KGGG;
				GENERATE_INFOPLIST_FILE = YES;
				IPHONEOS_DEPLOYMENT_TARGET = 17.0;
				MARKETING_VERSION = 1.0;
				PRODUCT_BUNDLE_IDENTIFIER = moviegenius.moviegeniusTests;
				PRODUCT_NAME = "$(TARGET_NAME)";
				STRING_CATALOG_GENERATE_SYMBOLS = NO;
				SWIFT_APPROACHABLE_CONCURRENCY = YES;
				SWIFT_EMIT_LOC_STRINGS = NO;
				SWIFT_UPCOMING_FEATURE_MEMBER_IMPORT_VISIBILITY = YES;
				SWIFT_VERSION = 5.0;
				TARGETED_DEVICE_FAMILY = 1;
				TEST_HOST = "$(BUILT_PRODUCTS_DIR)/moviegenius.app/$(BUNDLE_EXECUTABLE_FOLDER_PATH)/moviegenius";
			};
			name = Debug;
		};
		C90299C22FB10FE7006205FF /* Release */ = {
			isa = XCBuildConfiguration;
			buildSettings = {
				BUNDLE_LOADER = "$(TEST_HOST)";
				CODE_SIGN_STYLE = Automatic;
				CURRENT_PROJECT_VERSION = 11;
				DEVELOPMENT_TEAM = C8V9S6KGGG;
				GENERATE_INFOPLIST_FILE = YES;
				IPHONEOS_DEPLOYMENT_TARGET = 17.0;
				MARKETING_VERSION = 1.0;
				PRODUCT_BUNDLE_IDENTIFIER = moviegenius.moviegeniusTests;
				PRODUCT_NAME = "$(TARGET_NAME)";
				STRING_CATALOG_GENERATE_SYMBOLS = NO;
				SWIFT_APPROACHABLE_CONCURRENCY = YES;
				SWIFT_EMIT_LOC_STRINGS = NO;
				SWIFT_UPCOMING_FEATURE_MEMBER_IMPORT_VISIBILITY = YES;
				SWIFT_VERSION = 5.0;
				TARGETED_DEVICE_FAMILY = 1;
				TEST_HOST = "$(BUILT_PRODUCTS_DIR)/moviegenius.app/$(BUNDLE_EXECUTABLE_FOLDER_PATH)/moviegenius";
			};
			name = Release;
		};
		C90299C42FB10FE7006205FF /* Debug */ = {
			isa = XCBuildConfiguration;
			buildSettings = {
				CODE_SIGN_STYLE = Automatic;
				CURRENT_PROJECT_VERSION = 11;
				DEVELOPMENT_TEAM = C8V9S6KGGG;
				GENERATE_INFOPLIST_FILE = YES;
				MARKETING_VERSION = 1.0;
				PRODUCT_BUNDLE_IDENTIFIER = moviegenius.moviegeniusUITests;
				PRODUCT_NAME = "$(TARGET_NAME)";
				STRING_CATALOG_GENERATE_SYMBOLS = NO;
				SWIFT_APPROACHABLE_CONCURRENCY = YES;
				SWIFT_EMIT_LOC_STRINGS = NO;
				SWIFT_UPCOMING_FEATURE_MEMBER_IMPORT_VISIBILITY = YES;
				SWIFT_VERSION = 5.0;
				TARGETED_DEVICE_FAMILY = 1;
				TEST_TARGET_NAME = moviegenius;
			};
			name = Debug;
		};
		C90299C52FB10FE7006205FF /* Release */ = {
			isa = XCBuildConfiguration;
			buildSettings = {
				CODE_SIGN_STYLE = Automatic;
				CURRENT_PROJECT_VERSION = 11;
				DEVELOPMENT_TEAM = C8V9S6KGGG;
				GENERATE_INFOPLIST_FILE = YES;
				MARKETING_VERSION = 1.0;
				PRODUCT_BUNDLE_IDENTIFIER = moviegenius.moviegeniusUITests;
				PRODUCT_NAME = "$(TARGET_NAME)";
				STRING_CATALOG_GENERATE_SYMBOLS = NO;
				SWIFT_APPROACHABLE_CONCURRENCY = YES;
				SWIFT_EMIT_LOC_STRINGS = NO;
				SWIFT_UPCOMING_FEATURE_MEMBER_IMPORT_VISIBILITY = YES;
				SWIFT_VERSION = 5.0;
				TARGETED_DEVICE_FAMILY = 1;
				TEST_TARGET_NAME = moviegenius;
			};
			name = Release;
		};
/* End XCBuildConfiguration section */

/* Begin XCConfigurationList section */
		C90299972FB10FE3006205FF /* Build configuration list for PBXProject "moviegenius" */ = {
			isa = XCConfigurationList;
			buildConfigurations = (
				C90299BB2FB10FE7006205FF /* Debug */,
				C90299BC2FB10FE7006205FF /* Release */,
			);
			defaultConfigurationIsVisible = 0;
			defaultConfigurationName = Release;
		};
		C90299BD2FB10FE7006205FF /* Build configuration list for PBXNativeTarget "moviegenius" */ = {
			isa = XCConfigurationList;
			buildConfigurations = (
				C90299BE2FB10FE7006205FF /* Debug */,
				C90299BF2FB10FE7006205FF /* Release */,
			);
			defaultConfigurationIsVisible = 0;
			defaultConfigurationName = Release;
		};
		C90299C02FB10FE7006205FF /* Build configuration list for PBXNativeTarget "moviegeniusTests" */ = {
			isa = XCConfigurationList;
			buildConfigurations = (
				C90299C12FB10FE7006205FF /* Debug */,
				C90299C22FB10FE7006205FF /* Release */,
			);
			defaultConfigurationIsVisible = 0;
			defaultConfigurationName = Release;
		};
		C90299C32FB10FE7006205FF /* Build configuration list for PBXNativeTarget "moviegeniusUITests" */ = {
			isa = XCConfigurationList;
			buildConfigurations = (
				C90299C42FB10FE7006205FF /* Debug */,
				C90299C52FB10FE7006205FF /* Release */,
			);
			defaultConfigurationIsVisible = 0;
			defaultConfigurationName = Release;
		};
/* End XCConfigurationList section */

/* Begin XCRemoteSwiftPackageReference section */
		58663393AFE75A41458917BE /* XCRemoteSwiftPackageReference "youtube-ios-player-helper" */ = {
			isa = XCRemoteSwiftPackageReference;
			repositoryURL = "https://github.com/youtube/youtube-ios-player-helper.git";
			requirement = {
				kind = upToNextMajorVersion;
				minimumVersion = 1.0.0;
			};
		};
		C9029B1E2FB3F9FF006205FF /* XCRemoteSwiftPackageReference "firebase-ios-sdk" */ = {
			isa = XCRemoteSwiftPackageReference;
			repositoryURL = "https://github.com/firebase/firebase-ios-sdk.git";
			requirement = {
				kind = upToNextMajorVersion;
				minimumVersion = 12.13.0;
			};
		};
/* End XCRemoteSwiftPackageReference section */

/* Begin XCSwiftPackageProductDependency section */
		2A2CC7615E6ED127A06BEBF6 /* YouTubeiOSPlayerHelper */ = {
			isa = XCSwiftPackageProductDependency;
			package = 58663393AFE75A41458917BE /* XCRemoteSwiftPackageReference "youtube-ios-player-helper" */;
			productName = YouTubeiOSPlayerHelper;
		};
		C9029B1F2FB3FA00006205FF /* FirebaseAnalyticsCore */ = {
			isa = XCSwiftPackageProductDependency;
			package = C9029B1E2FB3F9FF006205FF /* XCRemoteSwiftPackageReference "firebase-ios-sdk" */;
			productName = FirebaseAnalyticsCore;
		};
		C9029B212FB3FA00006205FF /* FirebaseCrashlytics */ = {
			isa = XCSwiftPackageProductDependency;
			package = C9029B1E2FB3F9FF006205FF /* XCRemoteSwiftPackageReference "firebase-ios-sdk" */;
			productName = FirebaseCrashlytics;
		};
/* End XCSwiftPackageProductDependency section */
	};
	rootObject = C90299942FB10FE3006205FF /* Project object */;
}
